
Microsoft Visual Studio Solution File, Format Version 12.00
# Visual Studio Version 17
VisualStudioVersion = 17.5.33209.295
MinimumVisualStudioVersion = 10.0.40219.1
Project("{FAE04EC0-301F-11D3-BF4B-00C04F79EFBC}") = "MineSweeper", "MineSweeper\MineSweeper.csproj", "{94665442-120F-4B6A-B694-0A5110D45CEA}"
EndProject
Global
	GlobalSection(SolutionConfigurationPlatforms) = preSolution
		Debug|Any CPU = Debug|Any CPU
		Release|Any CPU = Release|Any CPU
	EndGlobalSection
	GlobalSection(ProjectConfigurationPlatforms) = postSolution
		{94665442-120F-4B6A-B694-0A5110D45CEA}.Debug|Any CPU.ActiveCfg = Debug|Any CPU
		{94665442-120F-4B6A-B694-0A5110D45CEA}.Debug|Any CPU.Build.0 = Debug|Any CPU
		{94665442-120F-4B6A-B694-0A5110D45CEA}.Release|Any CPU.ActiveCfg = Release|Any CPU
		{94665442-120F-4B6A-B694-0A5110D45CEA}.Release|Any CPU.Build.0 = Release|Any CPU
	EndGlobalSection
	GlobalSection(SolutionProperties) = preSolution
		HideSolutionNode = FALSE
	EndGlobalSection
	GlobalSection(ExtensibilityGlobals) = postSolution
		SolutionGuid = {B09A122C-1BC4-4BC3-AD34-4B5371B92CA7}
	EndGlobalSection
EndGlobal
